
Microsoft Visual Studio Solution File, Format Version 12.00
# Visual Studio 14
VisualStudioVersion = 14.0.25420.1
MinimumVisualStudioVersion = 10.0.40219.1
Project("{FAE04EC0-301F-11D3-BF4B-00C04F79EFBC}") = "CompanyProject", "CompanyProject\CompanyProject.csproj", "{C66D5736-EDD5-4C84-81C5-60921B99F182}"
EndProject
Project("{FAE04EC0-301F-11D3-BF4B-00C04F79EFBC}") = "CompanyProjectModel", "CompanyProjectModel\CompanyProjectModel.csproj", "{5E8E79D2-DB57-48BA-ACAB-6D94481F8798}"
EndProject
Project("{FAE04EC0-301F-11D3-BF4B-00C04F79EFBC}") = "CompanyProjectHelper", "CompanyProjectHelper\CompanyProjectHelper.csproj", "{62275298-AF04-48E9-AEEA-B782D4FCD2BE}"
EndProject
Project("{F184B08F-C81C-45F6-A57F-5ABD9991F28F}") = "CompanyProjectDatabase", "CompanyProjectDatabase\CompanyProjectDatabase.vbproj", "{E0737AD4-1AAC-4095-A8D9-ED0B9A1245BE}"
EndProject
Global
	GlobalSection(SolutionConfigurationPlatforms) = preSolution
		Debug|Any CPU = Debug|Any CPU
		Release|Any CPU = Release|Any CPU
	EndGlobalSection
	GlobalSection(ProjectConfigurationPlatforms) = postSolution
		{C66D5736-EDD5-4C84-81C5-60921B99F182}.Debug|Any CPU.ActiveCfg = Debug|Any CPU
		{C66D5736-EDD5-4C84-81C5-60921B99F182}.Debug|Any CPU.Build.0 = Debug|Any CPU
		{C66D5736-EDD5-4C84-81C5-60921B99F182}.Release|Any CPU.ActiveCfg = Release|Any CPU
		{C66D5736-EDD5-4C84-81C5-60921B99F182}.Release|Any CPU.Build.0 = Release|Any CPU
		{5E8E79D2-DB57-48BA-ACAB-6D94481F8798}.Debug|Any CPU.ActiveCfg = Debug|Any CPU
		{5E8E79D2-DB57-48BA-ACAB-6D94481F8798}.Debug|Any CPU.Build.0 = Debug|Any CPU
		{5E8E79D2-DB57-48BA-ACAB-6D94481F8798}.Release|Any CPU.ActiveCfg = Release|Any CPU
		{5E8E79D2-DB57-48BA-ACAB-6D94481F8798}.Release|Any CPU.Build.0 = Release|Any CPU
		{62275298-AF04-48E9-AEEA-B782D4FCD2BE}.Debug|Any CPU.ActiveCfg = Debug|Any CPU
		{62275298-AF04-48E9-AEEA-B782D4FCD2BE}.Debug|Any CPU.Build.0 = Debug|Any CPU
		{62275298-AF04-48E9-AEEA-B782D4FCD2BE}.Release|Any CPU.ActiveCfg = Release|Any CPU
		{62275298-AF04-48E9-AEEA-B782D4FCD2BE}.Release|Any CPU.Build.0 = Release|Any CPU
		{E0737AD4-1AAC-4095-A8D9-ED0B9A1245BE}.Debug|Any CPU.ActiveCfg = Debug|Any CPU
		{E0737AD4-1AAC-4095-A8D9-ED0B9A1245BE}.Debug|Any CPU.Build.0 = Debug|Any CPU
		{E0737AD4-1AAC-4095-A8D9-ED0B9A1245BE}.Release|Any CPU.ActiveCfg = Release|Any CPU
		{E0737AD4-1AAC-4095-A8D9-ED0B9A1245BE}.Release|Any CPU.Build.0 = Release|Any CPU
	EndGlobalSection
	GlobalSection(SolutionProperties) = preSolution
		HideSolutionNode = FALSE
	EndGlobalSection
EndGlobal
